Microsoft Visual Studio Solution File, Format Version 12.00
# Visual Studio Version 17
VisualStudioVersion = 17.5.2.0
MinimumVisualStudioVersion = 10.0.40219.1
Project("{FAE04EC0-301F-11D3-BF4B-00C04F79EFBC}") = "HttpCheckService", "HttpCheckService\HttpCheckService.csproj", "{2EEDDC74-2660-7D91-9B34-D31F3D06C4DF}"
EndProject
Global
	GlobalSection(SolutionConfigurationPlatforms) = preSolution
		Debug|Any CPU = Debug|Any CPU
		Release|Any CPU = Release|Any CPU
	EndGlobalSection
	GlobalSection(ProjectConfigurationPlatforms) = postSolution
		{2EEDDC74-2660-7D91-9B34-D31F3D06C4DF}.Debug|Any CPU.ActiveCfg = Debug|Any CPU
		{2EEDDC74-2660-7D91-9B34-D31F3D06C4DF}.Debug|Any CPU.Build.0 = Debug|Any CPU
		{2EEDDC74-2660-7D91-9B34-D31F3D06C4DF}.Release|Any CPU.ActiveCfg = Release|Any CPU
		{2EEDDC74-2660-7D91-9B34-D31F3D06C4DF}.Release|Any CPU.Build.0 = Release|Any CPU
	EndGlobalSection
	GlobalSection(SolutionProperties) = preSolution
		HideSolutionNode = FALSE
	EndGlobalSection
	GlobalSection(ExtensibilityGlobals) = postSolution
		SolutionGuid = {AFDBA158-517F-41E0-8C68-C10F51791769}
	EndGlobalSection
EndGlobal
